# This file is automatically @generated by Cargo.
# It is not intended for manual editing.
version = 4

[[package]]
name = "systems-snackpack-topic-001"
version = "0.1.0"

[[package]]
name = "systems-snackpack-topic-002"
version = "0.1.0"

[[package]]
name = "systems-snackpack-topic-003"
version = "0.1.0"

[[package]]
name = "systems-snackpack-topic-004"
version = "0.1.0"

[[package]]
name = "systems-snackpack-topic-005"
version = "0.1.0"
